// !$*UTF8*$!
{
	archiveVersion = 1;
	classes = {
	};
	objectVersion = 56;
	objects = {

/* Begin PBXBuildFile section */
		0482F95F2AD4503F008E2444 /* fashion_recommendationApp.swift in Sources */ = {isa = PBXBuildFile; fileRef = 0482F95E2AD4503F008E2444 /* fashion_recommendationApp.swift */; };
		0482F9612AD4503F008E2444 /* ContentView.swift in Sources */ = {isa = PBXBuildFile; fileRef = 0482F9602AD4503F008E2444 /* ContentView.swift */; };
		0482F9632AD4503F008E2444 /* Item.swift in Sources */ = {isa = PBXBuildFile; fileRef = 0482F9622AD4503F008E2444 /* Item.swift */; };
		0482F9652AD45041008E2444 /* Assets.xcassets in Resources */ = {isa = PBXBuildFile; fileRef = 0482F9642AD45041008E2444 /* Assets.xcassets */; };
		0482F9682AD45041008E2444 /* Preview Assets.xcassets in Resources */ = {isa = PBXBuildFile; fileRef = 0482F9672AD45041008E2444 /* Preview Assets.xcassets */; };
		0482F9742AD45042008E2444 /* fashion_recommendationTests.swift in Sources */ = {isa = PBXBuildFile; fileRef = 0482F9732AD45042008E2444 /* fashion_recommendationTests.swift */; };
		0482F97E2AD45042008E2444 /* fashion_recommendationUITests.swift in Sources */ = {isa = PBXBuildFile; fileRef = 0482F97D2AD45042008E2444 /* fashion_recommendationUITests.swift */; };
		0482F9802AD45042008E2444 /* fashion_recommendationUITestsLaunchTests.swift in Sources */ = {isa = PBXBuildFile; fileRef = 0482F97F2AD45042008E2444 /* fashion_recommendationUITestsLaunchTests.swift */; };
/* End PBXBuildFile section */

/* Begin PBXContainerItemProxy section */
		0482F9702AD45042008E2444 /* PBXContainerItemProxy */ = {
			isa = PBXContainerItemProxy;
			containerPortal = 0482F9532AD4503F008E2444 /* Project object */;
			proxyType = 1;
			remoteGlobalIDString = 0482F95A2AD4503F008E2444;
			remoteInfo = "fashion recommendation";
		};
		0482F97A2AD45042008E2444 /* PBXContainerItemProxy */ = {
			isa = PBXContainerItemProxy;
			containerPortal = 0482F9532AD4503F008E2444 /* Project object */;
			proxyType = 1;
			remoteGlobalIDString = 0482F95A2AD4503F008E2444;
			remoteInfo = "fashion recommendation";
		};
/* End PBXContainerItemProxy section */

/* Begin PBXFileReference section */
		0482F95B2AD4503F008E2444 /* fashion recommendation.app */ = {isa = PBXFileReference; explicitFileType = wrapper.application; includeInIndex = 0; path = "fashion recommendation.app"; sourceTree = BUILT_PRODUCTS_DIR; };
		0482F95E2AD4503F008E2444 /* fashion_recommendationApp.swift */ = {isa = PBXFileReference; lastKnownFileType = sourcecode.swift; path = fashion_recommendationApp.swift; sourceTree = "<group>"; };
		0482F9602AD4503F008E2444 /* ContentView.swift */ = {isa = PBXFileReference; lastKnownFileType = sourcecode.swift; path = ContentView.swift; sourceTree = "<group>"; };
		0482F9622AD4503F008E2444 /* Item.swift */ = {isa = PBXFileReference; lastKnownFileType = sourcecode.swift; path = Item.swift; sourceTree = "<group>"; };
		0482F9642AD45041008E2444 /* Assets.xcassets */ = {isa = PBXFileReference; lastKnownFileType = folder.assetcatalog; path = Assets.xcassets; sourceTree = "<group>"; };
		0482F9672AD45041008E2444 /* Preview Assets.xcassets */ = {isa = PBXFileReference; lastKnownFileType = folder.assetcatalog; path = "Preview Assets.xcassets"; sourceTree = "<group>"; };
		0482F9692AD45041008E2444 /* fashion_recommendation.entitlements */ = {isa = PBXFileReference; lastKnownFileType = text.plist.entitlements; path = fashion_recommendation.entitlements; sourceTree = "<group>"; };
		0482F96A2AD45041008E2444 /* Info.plist */ = {isa = PBXFileReference; lastKnownFileType = text.plist.xml; path = Info.plist; sourceTree = "<group>"; };
		0482F96F2AD45042008E2444 /* fashion recommendationTests.xctest */ = {isa = PBXFileReference; explicitFileType = wrapper.cfbundle; includeInIndex = 0; path = "fashion recommendationTests.xctest"; sourceTree = BUILT_PRODUCTS_DIR; };
		0482F9732AD45042008E2444 /* fashion_recommendationTests.swift */ = {isa = PBXFileReference; lastKnownFileType = sourcecode.swift; path = fashion_recommendationTests.swift; sourceTree = "<group>"; };
		0482F9792AD45042008E2444 /* fashion recommendationUITests.xctest */ = {isa = PBXFileReference; explicitFileType = wrapper.cfbundle; includeInIndex = 0; path = "fashion recommendationUITests.xctest"; sourceTree = BUILT_PRODUCTS_DIR; };
		0482F97D2AD45042008E2444 /* fashion_recommendationUITests.swift */ = {isa = PBXFileReference; lastKnownFileType = sourcecode.swift; path = fashion_recommendationUITests.swift; sourceTree = "<group>"; };
		0482F97F2AD45042008E2444 /* fashion_recommendationUITestsLaunchTests.swift */ = {isa = PBXFileReference; lastKnownFileType = sourcecode.swift; path = fashion_recommendationUITestsLaunchTests.swift; sourceTree = "<group>"; };
/* End PBXFileReference section */

/* Begin PBXFrameworksBuildPhase section */
		0482F9582AD4503F008E2444 /* Frameworks */ = {
			isa = PBXFrameworksBuildPhase;
			buildActionMask = 2147483647;
			files = (
			);
			runOnlyForDeploymentPostprocessing = 0;
		};
		0482F96C2AD45042008E2444 /* Frameworks */ = {
			isa = PBXFrameworksBuildPhase;
			buildActionMask = 2147483647;
			files = (
			);
			runOnlyForDeploymentPostprocessing = 0;
		};
		0482F9762AD45042008E2444 /* Frameworks */ = {
			isa = PBXFrameworksBuildPhase;
			buildActionMask = 2147483647;
			files = (
			);
			runOnlyForDeploymentPostprocessing = 0;
		};
/* End PBXFrameworksBuildPhase section */

/* Begin PBXGroup section */
		0482F9522AD4503F008E2444 = {
			isa = PBXGroup;
			children = (
				0482F95D2AD4503F008E2444 /* fashion recommendation */,
				0482F9722AD45042008E2444 /* fashion recommendationTests */,
				0482F97C2AD45042008E2444 /* fashion recommendationUITests */,
				0482F95C2AD4503F008E2444 /* Products */,
			);
			sourceTree = "<group>";
		};
		0482F95C2AD4503F008E2444 /* Products */ = {
			isa = PBXGroup;
			children = (
				0482F95B2AD4503F008E2444 /* fashion recommendation.app */,
				0482F96F2AD45042008E2444 /* fashion recommendationTests.xctest */,
				0482F9792AD45042008E2444 /* fashion recommendationUITests.xctest */,
			);
			name = Products;
			sourceTree = "<group>";
		};
		0482F95D2AD4503F008E2444 /* fashion recommendation */ = {
			isa = PBXGroup;
			children = (
				0482F95E2AD4503F008E2444 /* fashion_recommendationApp.swift */,
				0482F9602AD4503F008E2444 /* ContentView.swift */,
				0482F9622AD4503F008E2444 /* Item.swift */,
				0482F9642AD45041008E2444 /* Assets.xcassets */,
				0482F9692AD45041008E2444 /* fashion_recommendation.entitlements */,
				0482F96A2AD45041008E2444 /* Info.plist */,
				0482F9662AD45041008E2444 /* Preview Content */,
			);
			path = "fashion recommendation";
			sourceTree = "<group>";
		};
		0482F9662AD45041008E2444 /* Preview Content */ = {
			isa = PBXGroup;
			children = (
				0482F9672AD45041008E2444 /* Preview Assets.xcassets */,
			);
			path = "Preview Content";
			sourceTree = "<group>";
		};
		0482F9722AD45042008E2444 /* fashion recommendationTests */ = {
			isa = PBXGroup;
			children = (
				0482F9732AD45042008E2444 /* fashion_recommendationTests.swift */,
			);
			path = "fashion recommendationTests";
			sourceTree = "<group>";
		};
		0482F97C2AD45042008E2444 /* fashion recommendationUITests */ = {
			isa = PBXGroup;
			children = (
				0482F97D2AD45042008E2444 /* fashion_recommendationUITests.swift */,
				0482F97F2AD45042008E2444 /* fashion_recommendationUITestsLaunchTests.swift */,
			);
			path = "fashion recommendationUITests";
			sourceTree = "<group>";
		};
/* End PBXGroup section */

/* Begin PBXNativeTarget section */
		0482F95A2AD4503F008E2444 /* fashion recommendation */ = {
			isa = PBXNativeTarget;
			buildConfigurationList = 0482F9832AD45042008E2444 /* Build configuration list for PBXNativeTarget "fashion recommendation" */;
			buildPhases = (
				0482F9572AD4503F008E2444 /* Sources */,
				0482F9582AD4503F008E2444 /* Frameworks */,
				0482F9592AD4503F008E2444 /* Resources */,
			);
			buildRules = (
			);
			dependencies = (
			);
			name = "fashion recommendation";
			productName = "fashion recommendation";
			productReference = 0482F95B2AD4503F008E2444 /* fashion recommendation.app */;
			productType = "com.apple.product-type.application";
		};
		0482F96E2AD45042008E2444 /* fashion recommendationTests */ = {
			isa = PBXNativeTarget;
			buildConfigurationList = 0482F9862AD45042008E2444 /* Build configuration list for PBXNativeTarget "fashion recommendationTests" */;
			buildPhases = (
				0482F96B2AD45042008E2444 /* Sources */,
				0482F96C2AD45042008E2444 /* Frameworks */,
				0482F96D2AD45042008E2444 /* Resources */,
			);
			buildRules = (
			);
			dependencies = (
				0482F9712AD45042008E2444 /* PBXTargetDependency */,
			);
			name = "fashion recommendationTests";
			productName = "fashion recommendationTests";
			productReference = 0482F96F2AD45042008E2444 /* fashion recommendationTests.xctest */;
			productType = "com.apple.product-type.bundle.unit-test";
		};
		0482F9782AD45042008E2444 /* fashion recommendationUITests */ = {
			isa = PBXNativeTarget;
			buildConfigurationList = 0482F9892AD45042008E2444 /* Build configuration list for PBXNativeTarget "fashion recommendationUITests" */;
			buildPhases = (
				0482F9752AD45042008E2444 /* Sources */,
				0482F9762AD45042008E2444 /* Frameworks */,
				0482F9772AD45042008E2444 /* Resources */,
			);
			buildRules = (
			);
			dependencies = (
				0482F97B2AD45042008E2444 /* PBXTargetDependency */,
			);
			name = "fashion recommendationUITests";
			productName = "fashion recommendationUITests";
			productReference = 0482F9792AD45042008E2444 /* fashion recommendationUITests.xctest */;
			productType = "com.apple.product-type.bundle.ui-testing";
		};
/* End PBXNativeTarget section */

/* Begin PBXProject section */
		0482F9532AD4503F008E2444 /* Project object */ = {
			isa = PBXProject;
			attributes = {
				BuildIndependentTargetsInParallel = 1;
				LastSwiftUpdateCheck = 1500;
				LastUpgradeCheck = 1500;
				TargetAttributes = {
					0482F95A2AD4503F008E2444 = {
						CreatedOnToolsVersion = 15.0;
					};
					0482F96E2AD45042008E2444 = {
						CreatedOnToolsVersion = 15.0;
						TestTargetID = 0482F95A2AD4503F008E2444;
					};
					0482F9782AD45042008E2444 = {
						CreatedOnToolsVersion = 15.0;
						TestTargetID = 0482F95A2AD4503F008E2444;
					};
				};
			};
			buildConfigurationList = 0482F9562AD4503F008E2444 /* Build configuration list for PBXProject "fashion recommendation" */;
			compatibilityVersion = "Xcode 14.0";
			developmentRegion = en;
			hasScannedForEncodings = 0;
			knownRegions = (
				en,
				Base,
			);
			mainGroup = 0482F9522AD4503F008E2444;
			productRefGroup = 0482F95C2AD4503F008E2444 /* Products */;
			projectDirPath = "";
			projectRoot = "";
			targets = (
				0482F95A2AD4503F008E2444 /* fashion recommendation */,
				0482F96E2AD45042008E2444 /* fashion recommendationTests */,
				0482F9782AD45042008E2444 /* fashion recommendationUITests */,
			);
		};
/* End PBXProject section */

/* Begin PBXResourcesBuildPhase section */
		0482F9592AD4503F008E2444 /* Resources */ = {
			isa = PBXResourcesBuildPhase;
			buildActionMask = 2147483647;
			files = (
				0482F9682AD45041008E2444 /* Preview Assets.xcassets in Resources */,
				0482F9652AD45041008E2444 /* Assets.xcassets in Resources */,
			);
			runOnlyForDeploymentPostprocessing = 0;
		};
		0482F96D2AD45042008E2444 /* Resources */ = {
			isa = PBXResourcesBuildPhase;
			buildActionMask = 2147483647;
			files = (
			);
			runOnlyForDeploymentPostprocessing = 0;
		};
		0482F9772AD45042008E2444 /* Resources */ = {
			isa = PBXResourcesBuildPhase;
			buildActionMask = 2147483647;
			files = (
			);
			runOnlyForDeploymentPostprocessing = 0;
		};
/* End PBXResourcesBuildPhase section */

/* Begin PBXSourcesBuildPhase section */
		0482F9572AD4503F008E2444 /* Sources */ = {
			isa = PBXSourcesBuildPhase;
			buildActionMask = 2147483647;
			files = (
				0482F9612AD4503F008E2444 /* ContentView.swift in Sources */,
				0482F9632AD4503F008E2444 /* Item.swift in Sources */,
				0482F95F2AD4503F008E2444 /* fashion_recommendationApp.swift in Sources */,
			);
			runOnlyForDeploymentPostprocessing = 0;
		};
		0482F96B2AD45042008E2444 /* Sources */ = {
			isa = PBXSourcesBuildPhase;
			buildActionMask = 2147483647;
			files = (
				0482F9742AD45042008E2444 /* fashion_recommendationTests.swift in Sources */,
			);
			runOnlyForDeploymentPostprocessing = 0;
		};
		0482F9752AD45042008E2444 /* Sources */ = {
			isa = PBXSourcesBuildPhase;
			buildActionMask = 2147483647;
			files = (
				0482F9802AD45042008E2444 /* fashion_recommendationUITestsLaunchTests.swift in Sources */,
				0482F97E2AD45042008E2444 /* fashion_recommendationUITests.swift in Sources */,
			);
			runOnlyForDeploymentPostprocessing = 0;
		};
/* End PBXSourcesBuildPhase section */

/* Begin PBXTargetDependency section */
		0482F9712AD45042008E2444 /* PBXTargetDependency */ = {
			isa = PBXTargetDependency;
			target = 0482F95A2AD4503F008E2444 /* fashion recommendation */;
			targetProxy = 0482F9702AD45042008E2444 /* PBXContainerItemProxy */;
		};
		0482F97B2AD45042008E2444 /* PBXTargetDependency */ = {
			isa = PBXTargetDependency;
			target = 0482F95A2AD4503F008E2444 /* fashion recommendation */;
			targetProxy = 0482F97A2AD45042008E2444 /* PBXContainerItemProxy */;
		};
/* End PBXTargetDependency section */

/* Begin XCBuildConfiguration section */
		0482F9812AD45042008E2444 /* Debug */ = {
			isa = XCBuildConfiguration;
			buildSettings = {
				ALWAYS_SEARCH_USER_PATHS = NO;
				ASSETCATALOG_COMPILER_GENERATE_SWIFT_ASSET_SYMBOL_EXTENSIONS = YES;
				CLANG_ANALYZER_NONNULL = YES;
				CLANG_ANALYZER_NUMBER_OBJECT_CONVERSION = YES_AGGRESSIVE;
				CLANG_CXX_LANGUAGE_STANDARD = "gnu++20";
				CLANG_ENABLE_MODULES = YES;
				CLANG_ENABLE_OBJC_ARC = YES;
				CLANG_ENABLE_OBJC_WEAK = YES;
				CLANG_WARN_BLOCK_CAPTURE_AUTORELEASING = YES;
				CLANG_WARN_BOOL_CONVERSION = YES;
				CLANG_WARN_COMMA = YES;
				CLANG_WARN_CONSTANT_CONVERSION = YES;
				CLANG_WARN_DEPRECATED_OBJC_IMPLEMENTATIONS = YES;
				CLANG_WARN_DIRECT_OBJC_ISA_USAGE = YES_ERROR;
				CLANG_WARN_DOCUMENTATION_COMMENTS = YES;
				CLANG_WARN_EMPTY_BODY = YES;
				CLANG_WARN_ENUM_CONVERSION = YES;
				CLANG_WARN_INFINITE_RECURSION = YES;
				CLANG_WARN_INT_CONVERSION = YES;
				CLANG_WARN_NON_LITERAL_NULL_CONVERSION = YES;
				CLANG_WARN_OBJC_IMPLICIT_RETAIN_SELF = YES;
				CLANG_WARN_OBJC_LITERAL_CONVERSION = YES;
				CLANG_WARN_OBJC_ROOT_CLASS = YES_ERROR;
				CLANG_WARN_QUOTED_INCLUDE_IN_FRAMEWORK_HEADER = YES;
				CLANG_WARN_RANGE_LOOP_ANALYSIS = YES;
				CLANG_WARN_STRICT_PROTOTYPES = YES;
				CLANG_WARN_SUSPICIOUS_MOVE = YES;
				CLANG_WARN_UNGUARDED_AVAILABILITY = YES_AGGRESSIVE;
				CLANG_WARN_UNREACHABLE_CODE = YES;
				CLANG_WARN__DUPLICATE_METHOD_MATCH = YES;
				COPY_PHASE_STRIP = NO;
				DEBUG_INFORMATION_FORMAT = dwarf;
				ENABLE_STRICT_OBJC_MSGSEND = YES;
				ENABLE_TESTABILITY = YES;
				ENABLE_USER_SCRIPT_SANDBOXING = YES;
				GCC_C_LANGUAGE_STANDARD = gnu17;
				GCC_DYNAMIC_NO_PIC = NO;
				GCC_NO_COMMON_BLOCKS = YES;
				GCC_OPTIMIZATION_LEVEL = 0;
				GCC_PREPROCESSOR_DEFINITIONS = (
					"DEBUG=1",
					"$(inherited)",
				);
				GCC_WARN_64_TO_32_BIT_CONVERSION = YES;
				GCC_WARN_ABOUT_RETURN_TYPE = YES_ERROR;
				GCC_WARN_UNDECLARED_SELECTOR = YES;
				GCC_WARN_UNINITIALIZED_AUTOS = YES_AGGRESSIVE;
				GCC_WARN_UNUSED_FUNCTION = YES;
				GCC_WARN_UNUSED_VARIABLE = YES;
				IPHONEOS_DEPLOYMENT_TARGET = 17.0;
				LOCALIZATION_PREFERS_STRING_CATALOGS = YES;
				MTL_ENABLE_DEBUG_INFO = INCLUDE_SOURCE;
				MTL_FAST_MATH = YES;
				ONLY_ACTIVE_ARCH = YES;
				SDKROOT = iphoneos;
				SWIFT_ACTIVE_COMPILATION_CONDITIONS = "DEBUG $(inherited)";
				SWIFT_OPTIMIZATION_LEVEL = "-Onone";
			};
			name = Debug;
		};
		0482F9822AD45042008E2444 /* Release */ = {
			isa = XCBuildConfiguration;
			buildSettings = {
				ALWAYS_SEARCH_USER_PATHS = NO;
				ASSETCATALOG_COMPILER_GENERATE_SWIFT_ASSET_SYMBOL_EXTENSIONS = YES;
				CLANG_ANALYZER_NONNULL = YES;
				CLANG_ANALYZER_NUMBER_OBJECT_CONVERSION = YES_AGGRESSIVE;
				CLANG_CXX_LANGUAGE_STANDARD = "gnu++20";
				CLANG_ENABLE_MODULES = YES;
				CLANG_ENABLE_OBJC_ARC = YES;
				CLANG_ENABLE_OBJC_WEAK = YES;
				CLANG_WARN_BLOCK_CAPTURE_AUTORELEASING = YES;
				CLANG_WARN_BOOL_CONVERSION = YES;
				CLANG_WARN_COMMA = YES;
				CLANG_WARN_CONSTANT_CONVERSION = YES;
				CLANG_WARN_DEPRECATED_OBJC_IMPLEMENTATIONS = YES;
				CLANG_WARN_DIRECT_OBJC_ISA_USAGE = YES_ERROR;
				CLANG_WARN_DOCUMENTATION_COMMENTS = YES;
				CLANG_WARN_EMPTY_BODY = YES;
				CLANG_WARN_ENUM_CONVERSION = YES;
				CLANG_WARN_INFINITE_RECURSION = YES;
				CLANG_WARN_INT_CONVERSION = YES;
				CLANG_WARN_NON_LITERAL_NULL_CONVERSION = YES;
				CLANG_WARN_OBJC_IMPLICIT_RETAIN_SELF = YES;
				CLANG_WARN_OBJC_LITERAL_CONVERSION = YES;
				CLANG_WARN_OBJC_ROOT_CLASS = YES_ERROR;
				CLANG_WARN_QUOTED_INCLUDE_IN_FRAMEWORK_HEADER = YES;
				CLANG_WARN_RANGE_LOOP_ANALYSIS = YES;
				CLANG_WARN_STRICT_PROTOTYPES = YES;
				CLANG_WARN_SUSPICIOUS_MOVE = YES;
				CLANG_WARN_UNGUARDED_AVAILABILITY = YES_AGGRESSIVE;
				CLANG_WARN_UNREACHABLE_CODE = YES;
				CLANG_WARN__DUPLICATE_METHOD_MATCH = YES;
				COPY_PHASE_STRIP = NO;
				DEBUG_INFORMATION_FORMAT = "dwarf-with-dsym";
				ENABLE_NS_ASSERTIONS = NO;
				ENABLE_STRICT_OBJC_MSGSEND = YES;
				ENABLE_USER_SCRIPT_SANDBOXING = YES;
				GCC_C_LANGUAGE_STANDARD = gnu17;
				GCC_NO_COMMON_BLOCKS = YES;
				GCC_WARN_64_TO_32_BIT_CONVERSION = YES;
				GCC_WARN_ABOUT_RETURN_TYPE = YES_ERROR;
				GCC_WARN_UNDECLARED_SELECTOR = YES;
				GCC_WARN_UNINITIALIZED_AUTOS = YES_AGGRESSIVE;
				GCC_WARN_UNUSED_FUNCTION = YES;
				GCC_WARN_UNUSED_VARIABLE = YES;
				IPHONEOS_DEPLOYMENT_TARGET = 17.0;
				LOCALIZATION_PREFERS_STRING_CATALOGS = YES;
				MTL_ENABLE_DEBUG_INFO = NO;
				MTL_FAST_MATH = YES;
				SDKROOT = iphoneos;
				SWIFT_COMPILATION_MODE = wholemodule;
				VALIDATE_PRODUCT = YES;
			};
			name = Release;
		};
		0482F9842AD45042008E2444 /* Debug */ = {
			isa = XCBuildConfiguration;
			buildSettings = {
				ASSETCATALOG_COMPILER_APPICON_NAME = AppIcon;
				ASSETCATALOG_COMPILER_GLOBAL_ACCENT_COLOR_NAME = AccentColor;
				CODE_SIGN_ENTITLEMENTS = "fashion recommendation/fashion_recommendation.entitlements";
				CODE_SIGN_STYLE = Automatic;
				CURRENT_PROJECT_VERSION = 1;
				DEVELOPMENT_ASSET_PATHS = "\"fashion recommendation/Preview Content\"";
				ENABLE_PREVIEWS = YES;
				GENERATE_INFOPLIST_FILE = YES;
				INFOPLIST_FILE = "fashion recommendation/Info.plist";
				INFOPLIST_KEY_UIApplicationSceneManifest_Generation = YES;
				INFOPLIST_KEY_UIApplicationSupportsIndirectInputEvents = YES;
				INFOPLIST_KEY_UILaunchScreen_Generation = YES;
				INFOPLIST_KEY_UISupportedInterfaceOrientations_iPad = "UIInterfaceOrientationPortrait UIInterfaceOrientationPortraitUpsideDown UIInterfaceOrientationLandscapeLeft UIInterfaceOrientationLandscapeRight";
				INFOPLIST_KEY_UISupportedInterfaceOrientations_iPhone = "UIInterfaceOrientationPortrait UIInterfaceOrientationLandscapeLeft UIInterfaceOrientationLandscapeRight";
				LD_RUNPATH_SEARCH_PATHS = (
					"$(inherited)",
					"@executable_path/Frameworks",
				);
				MARKETING_VERSION = 1.0;
				PRODUCT_BUNDLE_IDENTIFIER = "Yanran.fashion-recommendation";
				PRODUCT_NAME = "$(TARGET_NAME)";
				SWIFT_EMIT_LOC_STRINGS = YES;
				SWIFT_VERSION = 5.0;
				TARGETED_DEVICE_FAMILY = "1,2";
			};
			name = Debug;
		};
		0482F9852AD45042008E2444 /* Release */ = {
			isa = XCBuildConfiguration;
			buildSettings = {
				ASSETCATALOG_COMPILER_APPICON_NAME = AppIcon;
				ASSETCATALOG_COMPILER_GLOBAL_ACCENT_COLOR_NAME = AccentColor;
				CODE_SIGN_ENTITLEMENTS = "fashion recommendation/fashion_recommendation.entitlements";
				CODE_SIGN_STYLE = Automatic;
				CURRENT_PROJECT_VERSION = 1;
				DEVELOPMENT_ASSET_PATHS = "\"fashion recommendation/Preview Content\"";
				ENABLE_PREVIEWS = YES;
				GENERATE_INFOPLIST_FILE = YES;
				INFOPLIST_FILE = "fashion recommendation/Info.plist";
				INFOPLIST_KEY_UIApplicationSceneManifest_Generation = YES;
				INFOPLIST_KEY_UIApplicationSupportsIndirectInputEvents = YES;
				INFOPLIST_KEY_UILaunchScreen_Generation = YES;
				INFOPLIST_KEY_UISupportedInterfaceOrientations_iPad = "UIInterfaceOrientationPortrait UIInterfaceOrientationPortraitUpsideDown UIInterfaceOrientationLandscapeLeft UIInterfaceOrientationLandscapeRight";
				INFOPLIST_KEY_UISupportedInterfaceOrientations_iPhone = "UIInterfaceOrientationPortrait UIInterfaceOrientationLandscapeLeft UIInterfaceOrientationLandscapeRight";
				LD_RUNPATH_SEARCH_PATHS = (
					"$(inherited)",
					"@executable_path/Frameworks",
				);
				MARKETING_VERSION = 1.0;
				PRODUCT_BUNDLE_IDENTIFIER = "Yanran.fashion-recommendation";
				PRODUCT_NAME = "$(TARGET_NAME)";
				SWIFT_EMIT_LOC_STRINGS = YES;
				SWIFT_VERSION = 5.0;
				TARGETED_DEVICE_FAMILY = "1,2";
			};
			name = Release;
		};
		0482F9872AD45042008E2444 /* Debug */ = {
			isa = XCBuildConfiguration;
			buildSettings = {
				ALWAYS_EMBED_SWIFT_STANDARD_LIBRARIES = YES;
				BUNDLE_LOADER = "$(TEST_HOST)";
				CODE_SIGN_STYLE = Automatic;
				CURRENT_PROJECT_VERSION = 1;
				GENERATE_INFOPLIST_FILE = YES;
				IPHONEOS_DEPLOYMENT_TARGET = 17.0;
				MARKETING_VERSION = 1.0;
				PRODUCT_BUNDLE_IDENTIFIER = "Yanran.fashion-recommendationTests";
				PRODUCT_NAME = "$(TARGET_NAME)";
				SWIFT_EMIT_LOC_STRINGS = NO;
				SWIFT_VERSION = 5.0;
				TARGETED_DEVICE_FAMILY = "1,2";
				TEST_HOST = "$(BUILT_PRODUCTS_DIR)/fashion recommendation.app/$(BUNDLE_EXECUTABLE_FOLDER_PATH)/fashion recommendation";
			};
			name = Debug;
		};
		0482F9882AD45042008E2444 /* Release */ = {
			isa = XCBuildConfiguration;
			buildSettings = {
				ALWAYS_EMBED_SWIFT_STANDARD_LIBRARIES = YES;
				BUNDLE_LOADER = "$(TEST_HOST)";
				CODE_SIGN_STYLE = Automatic;
				CURRENT_PROJECT_VERSION = 1;
				GENERATE_INFOPLIST_FILE = YES;
				IPHONEOS_DEPLOYMENT_TARGET = 17.0;
				MARKETING_VERSION = 1.0;
				PRODUCT_BUNDLE_IDENTIFIER = "Yanran.fashion-recommendationTests";
				PRODUCT_NAME = "$(TARGET_NAME)";
				SWIFT_EMIT_LOC_STRINGS = NO;
				SWIFT_VERSION = 5.0;
				TARGETED_DEVICE_FAMILY = "1,2";
				TEST_HOST = "$(BUILT_PRODUCTS_DIR)/fashion recommendation.app/$(BUNDLE_EXECUTABLE_FOLDER_PATH)/fashion recommendation";
			};
			name = Release;
		};
		0482F98A2AD45042008E2444 /* Debug */ = {
			isa = XCBuildConfiguration;
			buildSettings = {
				ALWAYS_EMBED_SWIFT_STANDARD_LIBRARIES = YES;
				CODE_SIGN_STYLE = Automatic;
				CURRENT_PROJECT_VERSION = 1;
				GENERATE_INFOPLIST_FILE = YES;
				MARKETING_VERSION = 1.0;
				PRODUCT_BUNDLE_IDENTIFIER = "Yanran.fashion-recommendationUITests";
				PRODUCT_NAME = "$(TARGET_NAME)";
				SWIFT_EMIT_LOC_STRINGS = NO;
				SWIFT_VERSION = 5.0;
				TARGETED_DEVICE_FAMILY = "1,2";
				TEST_TARGET_NAME = "fashion recommendation";
			};
			name = Debug;
		};
		0482F98B2AD45042008E2444 /* Release */ = {
			isa = XCBuildConfiguration;
			buildSettings = {
				ALWAYS_EMBED_SWIFT_STANDARD_LIBRARIES = YES;
				CODE_SIGN_STYLE = Automatic;
				CURRENT_PROJECT_VERSION = 1;
				GENERATE_INFOPLIST_FILE = YES;
				MARKETING_VERSION = 1.0;
				PRODUCT_BUNDLE_IDENTIFIER = "Yanran.fashion-recommendationUITests";
				PRODUCT_NAME = "$(TARGET_NAME)";
				SWIFT_EMIT_LOC_STRINGS = NO;
				SWIFT_VERSION = 5.0;
				TARGETED_DEVICE_FAMILY = "1,2";
				TEST_TARGET_NAME = "fashion recommendation";
			};
			name = Release;
		};
/* End XCBuildConfiguration section */

/* Begin XCConfigurationList section */
		0482F9562AD4503F008E2444 /* Build configuration list for PBXProject "fashion recommendation" */ = {
			isa = XCConfigurationList;
			buildConfigurations = (
				0482F9812AD45042008E2444 /* Debug */,
				0482F9822AD45042008E2444 /* Release */,
			);
			defaultConfigurationIsVisible = 0;
			defaultConfigurationName = Release;
		};
		0482F9832AD45042008E2444 /* Build configuration list for PBXNativeTarget "fashion recommendation" */ = {
			isa = XCConfigurationList;
			buildConfigurations = (
				0482F9842AD45042008E2444 /* Debug */,
				0482F9852AD45042008E2444 /* Release */,
			);
			defaultConfigurationIsVisible = 0;
			defaultConfigurationName = Release;
		};
		0482F9862AD45042008E2444 /* Build configuration list for PBXNativeTarget "fashion recommendationTests" */ = {
			isa = XCConfigurationList;
			buildConfigurations = (
				0482F9872AD45042008E2444 /* Debug */,
				0482F9882AD45042008E2444 /* Release */,
			);
			defaultConfigurationIsVisible = 0;
			defaultConfigurationName = Release;
		};
		0482F9892AD45042008E2444 /* Build configuration list for PBXNativeTarget "fashion recommendationUITests" */ = {
			isa = XCConfigurationList;
			buildConfigurations = (
				0482F98A2AD45042008E2444 /* Debug */,
				0482F98B2AD45042008E2444 /* Release */,
			);
			defaultConfigurationIsVisible = 0;
			defaultConfigurationName = Release;
		};
/* End XCConfigurationList section */
	};
	rootObject = 0482F9532AD4503F008E2444 /* Project object */;
}
